// !$*UTF8*$!
{
	archiveVersion = 1;
	classes = {
	};
	objectVersion = 77;
	objects = {

/* Begin PBXBuildFile section */
		100000000000000000000010 /* Assets.xcassets in Resources */ = {isa = PBXBuildFile; fileRef = 200000000000000000000011 /* Assets.xcassets */; };
		100000000000000000000001 /* BermsApp.swift in Sources */ = {isa = PBXBuildFile; fileRef = 200000000000000000000001 /* BermsApp.swift */; };
		100000000000000000000002 /* Models.swift in Sources */ = {isa = PBXBuildFile; fileRef = 200000000000000000000002 /* Models.swift */; };
		100000000000000000000003 /* RouteCodec.swift in Sources */ = {isa = PBXBuildFile; fileRef = 200000000000000000000003 /* RouteCodec.swift */; };
		100000000000000000000004 /* ParkLapDetector.swift in Sources */ = {isa = PBXBuildFile; fileRef = 200000000000000000000004 /* ParkLapDetector.swift */; };
		100000000000000000000005 /* RideRecorder.swift in Sources */ = {isa = PBXBuildFile; fileRef = 200000000000000000000005 /* RideRecorder.swift */; };
		100000000000000000000006 /* TrackingServices.swift in Sources */ = {isa = PBXBuildFile; fileRef = 200000000000000000000006 /* TrackingServices.swift */; };
		100000000000000000000007 /* Theme.swift in Sources */ = {isa = PBXBuildFile; fileRef = 200000000000000000000007 /* Theme.swift */; };
		100000000000000000000008 /* Views.swift in Sources */ = {isa = PBXBuildFile; fileRef = 200000000000000000000008 /* Views.swift */; };
		100000000000000000000009 /* BermsTests.swift in Sources */ = {isa = PBXBuildFile; fileRef = 200000000000000000000009 /* BermsTests.swift */; };
		100000000000000000000012 /* JumpDetector.swift in Sources */ = {isa = PBXBuildFile; fileRef = 200000000000000000000012 /* JumpDetector.swift */; };
		100000000000000000000013 /* ParkDayTests.swift in Sources */ = {isa = PBXBuildFile; fileRef = 200000000000000000000013 /* ParkDayTests.swift */; };
		100000000000000000000014 /* DiagnosticLogReplayer.swift in Sources */ = {isa = PBXBuildFile; fileRef = 200000000000000000000014 /* DiagnosticLogReplayer.swift */; };
		100000000000000000000015 /* TrailMapper.swift in Sources */ = {isa = PBXBuildFile; fileRef = 200000000000000000000015 /* TrailMapper.swift */; };
		100000000000000000000016 /* RouteProcessing.swift in Sources */ = {isa = PBXBuildFile; fileRef = 200000000000000000000016 /* RouteProcessing.swift */; };
		100000000000000000000017 /* LiftLearning.swift in Sources */ = {isa = PBXBuildFile; fileRef = 200000000000000000000017 /* LiftLearning.swift */; };
		100000000000000000000018 /* BermsActivityAttributes.swift in Sources */ = {isa = PBXBuildFile; fileRef = 200000000000000000000018 /* BermsActivityAttributes.swift */; };
		100000000000000000000019 /* BermsLiveActivityCoordinator.swift in Sources */ = {isa = PBXBuildFile; fileRef = 200000000000000000000019 /* BermsLiveActivityCoordinator.swift */; };
		100000000000000000000020 /* BermsLiveActivityIntent.swift in Sources */ = {isa = PBXBuildFile; fileRef = 200000000000000000000020 /* BermsLiveActivityIntent.swift */; };
		100000000000000000000021 /* BermsActivityAttributes.swift in Widget Sources */ = {isa = PBXBuildFile; fileRef = 200000000000000000000018 /* BermsActivityAttributes.swift */; };
		100000000000000000000022 /* BermsLiveActivityIntent.swift in Widget Sources */ = {isa = PBXBuildFile; fileRef = 200000000000000000000020 /* BermsLiveActivityIntent.swift */; };
		100000000000000000000023 /* BermsLiveActivity.swift in Widget Sources */ = {isa = PBXBuildFile; fileRef = 200000000000000000000021 /* BermsLiveActivity.swift */; };
		100000000000000000000024 /* BermsLiveActivity.appex in Embed Extensions */ = {isa = PBXBuildFile; fileRef = 300000000000000000000003 /* BermsLiveActivity.appex */; settings = {ATTRIBUTES = (RemoveHeadersOnCopy, ); }; };
		100000000000000000000025 /* mountain-creek-ridepal-trails-with-metadata.geojson in Resources */ = {isa = PBXBuildFile; fileRef = 200000000000000000000023 /* mountain-creek-ridepal-trails-with-metadata.geojson */; };
		100000000000000000000026 /* TrailImport.swift in Sources */ = {isa = PBXBuildFile; fileRef = 200000000000000000000024 /* TrailImport.swift */; };
		100000000000000000000027 /* WatchRideProtocol.swift in Sources */ = {isa = PBXBuildFile; fileRef = 200000000000000000000025 /* WatchRideProtocol.swift */; };
		100000000000000000000028 /* WatchConnectivityCoordinator.swift in Sources */ = {isa = PBXBuildFile; fileRef = 200000000000000000000026 /* WatchConnectivityCoordinator.swift */; };
		100000000000000000000029 /* WatchRideProtocol.swift in Watch Sources */ = {isa = PBXBuildFile; fileRef = 200000000000000000000037 /* WatchRideProtocol.swift for Watch */; };
		100000000000000000000030 /* WatchRideTransport.swift in Watch Sources */ = {isa = PBXBuildFile; fileRef = 200000000000000000000027 /* WatchRideTransport.swift */; };
		100000000000000000000031 /* WatchConnectivityClient.swift in Watch Sources */ = {isa = PBXBuildFile; fileRef = 200000000000000000000028 /* WatchConnectivityClient.swift */; };
		100000000000000000000032 /* WatchHealthManager.swift in Watch Sources */ = {isa = PBXBuildFile; fileRef = 200000000000000000000029 /* WatchHealthManager.swift */; };
		100000000000000000000033 /* WatchDashboardModel.swift in Watch Sources */ = {isa = PBXBuildFile; fileRef = 200000000000000000000030 /* WatchDashboardModel.swift */; };
		100000000000000000000034 /* WatchDemoTransport.swift in Watch Sources */ = {isa = PBXBuildFile; fileRef = 200000000000000000000031 /* WatchDemoTransport.swift */; };
		100000000000000000000035 /* WatchDashboardView.swift in Watch Sources */ = {isa = PBXBuildFile; fileRef = 200000000000000000000032 /* WatchDashboardView.swift */; };
		100000000000000000000036 /* BermsWatchApp.swift in Watch Sources */ = {isa = PBXBuildFile; fileRef = 200000000000000000000033 /* BermsWatchApp.swift */; };
		100000000000000000000037 /* BermsWatchExtension.appex in Embed Foundation Extensions */ = {isa = PBXBuildFile; fileRef = 300000000000000000000004 /* BermsWatchExtension.appex */; settings = {ATTRIBUTES = (RemoveHeadersOnCopy, ); }; };
		100000000000000000000039 /* BermsWatch.app in Embed Watch Content */ = {isa = PBXBuildFile; fileRef = 300000000000000000000006 /* BermsWatch.app */; settings = {ATTRIBUTES = (RemoveHeadersOnCopy, ); }; };
		100000000000000000000040 /* PrivacyInfo.xcprivacy in Resources */ = {isa = PBXBuildFile; fileRef = 200000000000000000000038 /* PrivacyInfo.xcprivacy */; };
/* End PBXBuildFile section */

/* Begin PBXFileReference section */
		200000000000000000000001 /* BermsApp.swift */ = {isa = PBXFileReference; lastKnownFileType = sourcecode.swift; path = BermsApp.swift; sourceTree = "<group>"; };
		200000000000000000000002 /* Models.swift */ = {isa = PBXFileReference; lastKnownFileType = sourcecode.swift; path = Models.swift; sourceTree = "<group>"; };
		200000000000000000000003 /* RouteCodec.swift */ = {isa = PBXFileReference; lastKnownFileType = sourcecode.swift; path = RouteCodec.swift; sourceTree = "<group>"; };
		200000000000000000000004 /* ParkLapDetector.swift */ = {isa = PBXFileReference; lastKnownFileType = sourcecode.swift; path = ParkLapDetector.swift; sourceTree = "<group>"; };
		200000000000000000000005 /* RideRecorder.swift */ = {isa = PBXFileReference; lastKnownFileType = sourcecode.swift; path = RideRecorder.swift; sourceTree = "<group>"; };
		200000000000000000000006 /* TrackingServices.swift */ = {isa = PBXFileReference; lastKnownFileType = sourcecode.swift; path = TrackingServices.swift; sourceTree = "<group>"; };
		200000000000000000000007 /* Theme.swift */ = {isa = PBXFileReference; lastKnownFileType = sourcecode.swift; path = Theme.swift; sourceTree = "<group>"; };
		200000000000000000000008 /* Views.swift */ = {isa = PBXFileReference; lastKnownFileType = sourcecode.swift; path = Views.swift; sourceTree = "<group>"; };
		200000000000000000000009 /* BermsTests.swift */ = {isa = PBXFileReference; lastKnownFileType = sourcecode.swift; path = BermsTests.swift; sourceTree = "<group>"; };
		200000000000000000000010 /* Info.plist */ = {isa = PBXFileReference; lastKnownFileType = text.plist.xml; path = Info.plist; sourceTree = "<group>"; };
		200000000000000000000011 /* Assets.xcassets */ = {isa = PBXFileReference; lastKnownFileType = folder.assetcatalog; path = Assets.xcassets; sourceTree = "<group>"; };
		200000000000000000000012 /* JumpDetector.swift */ = {isa = PBXFileReference; lastKnownFileType = sourcecode.swift; path = JumpDetector.swift; sourceTree = "<group>"; };
		200000000000000000000014 /* DiagnosticLogReplayer.swift */ = {isa = PBXFileReference; lastKnownFileType = sourcecode.swift; path = DiagnosticLogReplayer.swift; sourceTree = "<group>"; };
		200000000000000000000015 /* TrailMapper.swift */ = {isa = PBXFileReference; lastKnownFileType = sourcecode.swift; path = TrailMapper.swift; sourceTree = "<group>"; };
		200000000000000000000016 /* RouteProcessing.swift */ = {isa = PBXFileReference; lastKnownFileType = sourcecode.swift; path = RouteProcessing.swift; sourceTree = "<group>"; };
		200000000000000000000017 /* LiftLearning.swift */ = {isa = PBXFileReference; lastKnownFileType = sourcecode.swift; path = LiftLearning.swift; sourceTree = "<group>"; };
		200000000000000000000018 /* BermsActivityAttributes.swift */ = {isa = PBXFileReference; lastKnownFileType = sourcecode.swift; path = BermsActivityAttributes.swift; sourceTree = "<group>"; };
		200000000000000000000019 /* BermsLiveActivityCoordinator.swift */ = {isa = PBXFileReference; lastKnownFileType = sourcecode.swift; path = BermsLiveActivityCoordinator.swift; sourceTree = "<group>"; };
		200000000000000000000020 /* BermsLiveActivityIntent.swift */ = {isa = PBXFileReference; lastKnownFileType = sourcecode.swift; path = BermsLiveActivityIntent.swift; sourceTree = "<group>"; };
		200000000000000000000021 /* BermsLiveActivity.swift */ = {isa = PBXFileReference; lastKnownFileType = sourcecode.swift; path = BermsLiveActivity.swift; sourceTree = "<group>"; };
		300000000000000000000003 /* BermsLiveActivity.appex */ = {isa = PBXFileReference; explicitFileType = wrapper.app-extension; includeInIndex = 0; path = BermsLiveActivity.appex; sourceTree = BUILT_PRODUCTS_DIR; };
		300000000000000000000001 /* Berms.app */ = {isa = PBXFileReference; explicitFileType = wrapper.application; includeInIndex = 0; path = Berms.app; sourceTree = BUILT_PRODUCTS_DIR; };
		300000000000000000000002 /* BermsTests.xctest */ = {isa = PBXFileReference; explicitFileType = wrapper.cfbundle; includeInIndex = 0; path = BermsTests.xctest; sourceTree = BUILT_PRODUCTS_DIR; };
		200000000000000000000013 /* ParkDayTests.swift */ = {isa = PBXFileReference; lastKnownFileType = sourcecode.swift; path = ParkDayTests.swift; sourceTree = "<group>"; };
		200000000000000000000022 /* Widget Info.plist */ = {isa = PBXFileReference; lastKnownFileType = text.plist.xml; path = Info.plist; sourceTree = "<group>"; };
		200000000000000000000023 /* mountain-creek-ridepal-trails-with-metadata.geojson */ = {isa = PBXFileReference; lastKnownFileType = text.json; path = mountain-creek-ridepal-trails-with-metadata.geojson; sourceTree = "<group>"; };
		200000000000000000000024 /* TrailImport.swift */ = {isa = PBXFileReference; lastKnownFileType = sourcecode.swift; path = TrailImport.swift; sourceTree = "<group>"; };
		200000000000000000000025 /* WatchRideProtocol.swift */ = {isa = PBXFileReference; lastKnownFileType = sourcecode.swift; path = WatchRideProtocol.swift; sourceTree = "<group>"; };
		200000000000000000000026 /* WatchConnectivityCoordinator.swift */ = {isa = PBXFileReference; lastKnownFileType = sourcecode.swift; path = WatchConnectivityCoordinator.swift; sourceTree = "<group>"; };
		200000000000000000000027 /* WatchRideTransport.swift */ = {isa = PBXFileReference; lastKnownFileType = sourcecode.swift; path = WatchRideTransport.swift; sourceTree = "<group>"; };
		200000000000000000000028 /* WatchConnectivityClient.swift */ = {isa = PBXFileReference; lastKnownFileType = sourcecode.swift; path = WatchConnectivityClient.swift; sourceTree = "<group>"; };
		200000000000000000000029 /* WatchHealthManager.swift */ = {isa = PBXFileReference; lastKnownFileType = sourcecode.swift; path = WatchHealthManager.swift; sourceTree = "<group>"; };
		200000000000000000000030 /* WatchDashboardModel.swift */ = {isa = PBXFileReference; lastKnownFileType = sourcecode.swift; path = WatchDashboardModel.swift; sourceTree = "<group>"; };
		200000000000000000000031 /* WatchDemoTransport.swift */ = {isa = PBXFileReference; lastKnownFileType = sourcecode.swift; path = WatchDemoTransport.swift; sourceTree = "<group>"; };
		200000000000000000000032 /* WatchDashboardView.swift */ = {isa = PBXFileReference; lastKnownFileType = sourcecode.swift; path = WatchDashboardView.swift; sourceTree = "<group>"; };
		200000000000000000000033 /* BermsWatchApp.swift */ = {isa = PBXFileReference; lastKnownFileType = sourcecode.swift; path = BermsWatchApp.swift; sourceTree = "<group>"; };
		200000000000000000000034 /* Watch extension Info.plist */ = {isa = PBXFileReference; lastKnownFileType = text.plist.xml; path = Info.plist; sourceTree = "<group>"; };
		200000000000000000000035 /* BermsWatchExtension.entitlements */ = {isa = PBXFileReference; lastKnownFileType = text.plist.entitlements; path = BermsWatchExtension.entitlements; sourceTree = "<group>"; };
		200000000000000000000036 /* Watch app Info.plist */ = {isa = PBXFileReference; lastKnownFileType = text.plist.xml; path = Info.plist; sourceTree = "<group>"; };
		200000000000000000000037 /* WatchRideProtocol.swift for Watch */ = {isa = PBXFileReference; lastKnownFileType = sourcecode.swift; name = WatchRideProtocol.swift; path = ../Berms/WatchRideProtocol.swift; sourceTree = "<group>"; };
		300000000000000000000004 /* BermsWatchExtension.appex */ = {isa = PBXFileReference; explicitFileType = wrapper.app-extension; includeInIndex = 0; path = BermsWatchExtension.appex; sourceTree = BUILT_PRODUCTS_DIR; };
		300000000000000000000006 /* BermsWatch.app */ = {isa = PBXFileReference; explicitFileType = wrapper.application; includeInIndex = 0; path = BermsWatch.app; sourceTree = BUILT_PRODUCTS_DIR; };
		200000000000000000000038 /* PrivacyInfo.xcprivacy */ = {isa = PBXFileReference; lastKnownFileType = text.xml; path = PrivacyInfo.xcprivacy; sourceTree = "<group>"; };
	/* End PBXFileReference section */

/* Begin PBXFrameworksBuildPhase section */
		400000000000000000000001 /* Frameworks */ = {isa = PBXFrameworksBuildPhase; buildActionMask = 2147483647; files = (); runOnlyForDeploymentPostprocessing = 0; };
		400000000000000000000002 /* Frameworks */ = {isa = PBXFrameworksBuildPhase; buildActionMask = 2147483647; files = (); runOnlyForDeploymentPostprocessing = 0; };
		400000000000000000000006 /* Widget Sources */ = {isa = PBXSourcesBuildPhase; buildActionMask = 2147483647; files = (100000000000000000000021, 100000000000000000000022, 100000000000000000000023); runOnlyForDeploymentPostprocessing = 0; };
		400000000000000000000007 /* Widget Resources */ = {isa = PBXResourcesBuildPhase; buildActionMask = 2147483647; files = (); runOnlyForDeploymentPostprocessing = 0; };
		400000000000000000000008 /* Widget Frameworks */ = {isa = PBXFrameworksBuildPhase; buildActionMask = 2147483647; files = (); runOnlyForDeploymentPostprocessing = 0; };
		400000000000000000000009 /* Embed Extensions */ = {isa = PBXCopyFilesBuildPhase; buildActionMask = 2147483647; dstPath = ""; dstSubfolderSpec = 13; files = (100000000000000000000024); name = "Embed Extensions"; runOnlyForDeploymentPostprocessing = 0; };
		400000000000000000000010 /* Watch Sources */ = {isa = PBXSourcesBuildPhase; buildActionMask = 2147483647; files = (100000000000000000000029, 100000000000000000000030, 100000000000000000000031, 100000000000000000000032, 100000000000000000000033, 100000000000000000000034, 100000000000000000000035, 100000000000000000000036); runOnlyForDeploymentPostprocessing = 0; };
		400000000000000000000011 /* Watch Frameworks */ = {isa = PBXFrameworksBuildPhase; buildActionMask = 2147483647; files = (); runOnlyForDeploymentPostprocessing = 0; };
		400000000000000000000012 /* Embed Foundation Extensions */ = {isa = PBXCopyFilesBuildPhase; buildActionMask = 2147483647; dstPath = ""; dstSubfolderSpec = 13; files = (100000000000000000000037); name = "Embed Foundation Extensions"; runOnlyForDeploymentPostprocessing = 0; };
		400000000000000000000014 /* Embed Watch Content in iOS */ = {isa = PBXCopyFilesBuildPhase; buildActionMask = 2147483647; dstPath = "$(CONTENTS_FOLDER_PATH)/Watch"; dstSubfolderSpec = 16; files = (100000000000000000000039); name = "Embed Watch Content"; runOnlyForDeploymentPostprocessing = 0; };
/* End PBXFrameworksBuildPhase section */

/* Begin PBXGroup section */
		500000000000000000000001 = {isa = PBXGroup; children = (500000000000000000000002 /* Berms */, 500000000000000000000003 /* BermsTests */, 500000000000000000000005 /* BermsLiveActivity */, 500000000000000000000006 /* BermsWatchExtension */, 500000000000000000000008 /* BermsWatch */, 500000000000000000000004 /* Products */); sourceTree = "<group>"; };
		500000000000000000000002 /* Berms */ = {isa = PBXGroup; children = (200000000000000000000001 /* BermsApp.swift */, 200000000000000000000002 /* Models.swift */, 200000000000000000000003 /* RouteCodec.swift */, 200000000000000000000004 /* ParkLapDetector.swift */, 200000000000000000000005 /* RideRecorder.swift */, 200000000000000000000006 /* TrackingServices.swift */, 200000000000000000000007 /* Theme.swift */, 200000000000000000000008 /* Views.swift */, 200000000000000000000012 /* JumpDetector.swift */, 200000000000000000000014 /* DiagnosticLogReplayer.swift */, 200000000000000000000015 /* TrailMapper.swift */, 200000000000000000000016 /* RouteProcessing.swift */, 200000000000000000000017 /* LiftLearning.swift */, 200000000000000000000018 /* BermsActivityAttributes.swift */, 200000000000000000000019 /* BermsLiveActivityCoordinator.swift */, 200000000000000000000020 /* BermsLiveActivityIntent.swift */, 200000000000000000000025 /* WatchRideProtocol.swift */, 200000000000000000000026 /* WatchConnectivityCoordinator.swift */, 200000000000000000000010 /* Info.plist */, 200000000000000000000011 /* Assets.xcassets */, 200000000000000000000023 /* mountain-creek-ridepal-trails-with-metadata.geojson */, 200000000000000000000024 /* TrailImport.swift */, 200000000000000000000038 /* PrivacyInfo.xcprivacy */); path = Berms; sourceTree = "<group>"; };
		500000000000000000000003 /* BermsTests */ = {isa = PBXGroup; children = (200000000000000000000009 /* BermsTests.swift */, 200000000000000000000013 /* ParkDayTests.swift */); path = BermsTests; sourceTree = "<group>"; };
		500000000000000000000005 /* BermsLiveActivity */ = {isa = PBXGroup; children = (200000000000000000000021 /* BermsLiveActivity.swift */, 200000000000000000000022 /* Widget Info.plist */); path = BermsLiveActivity; sourceTree = "<group>"; };
		500000000000000000000006 /* BermsWatchExtension */ = {isa = PBXGroup; children = (200000000000000000000027 /* WatchRideTransport.swift */, 200000000000000000000028 /* WatchConnectivityClient.swift */, 200000000000000000000029 /* WatchHealthManager.swift */, 200000000000000000000030 /* WatchDashboardModel.swift */, 200000000000000000000031 /* WatchDemoTransport.swift */, 200000000000000000000032 /* WatchDashboardView.swift */, 200000000000000000000033 /* BermsWatchApp.swift */, 200000000000000000000037 /* WatchRideProtocol.swift for Watch */, 200000000000000000000034 /* Watch extension Info.plist */, 200000000000000000000035 /* BermsWatchExtension.entitlements */); path = BermsWatchExtension; sourceTree = "<group>"; };
		500000000000000000000008 /* BermsWatch */ = {isa = PBXGroup; children = (200000000000000000000036 /* Watch app Info.plist */); path = BermsWatch; sourceTree = "<group>"; };
		500000000000000000000004 /* Products */ = {isa = PBXGroup; children = (300000000000000000000001 /* Berms.app */, 300000000000000000000002 /* BermsTests.xctest */, 300000000000000000000003 /* BermsLiveActivity.appex */, 300000000000000000000004 /* BermsWatchExtension.appex */, 300000000000000000000006 /* BermsWatch.app */); name = Products; sourceTree = "<group>"; };
/* End PBXGroup section */

/* Begin PBXNativeTarget section */
		600000000000000000000001 /* Berms */ = {isa = PBXNativeTarget; buildConfigurationList = 700000000000000000000001 /* Build configuration list for PBXNativeTarget "Berms" */; buildPhases = (400000000000000000000003 /* Sources */, 400000000000000000000004 /* Resources */, 400000000000000000000001 /* Frameworks */, 400000000000000000000009 /* Embed Extensions */, 400000000000000000000014 /* Embed Watch Content in iOS */); buildRules = (); dependencies = (800000000000000000000002 /* Berms embeds BermsWatch */, 800000000000000000000006 /* Berms embeds BermsLiveActivity */); name = Berms; productName = Berms; productReference = 300000000000000000000001 /* Berms.app */; productType = "com.apple.product-type.application"; };
		600000000000000000000003 /* BermsLiveActivity */ = {isa = PBXNativeTarget; buildConfigurationList = 700000000000000000000004 /* Build configuration list for PBXNativeTarget "BermsLiveActivity" */; buildPhases = (400000000000000000000006 /* Widget Sources */, 400000000000000000000007 /* Widget Resources */, 400000000000000000000008 /* Widget Frameworks */); buildRules = (); dependencies = (); name = BermsLiveActivity; productName = BermsLiveActivity; productReference = 300000000000000000000003 /* BermsLiveActivity.appex */; productType = "com.apple.product-type.app-extension"; };
		600000000000000000000002 /* BermsTests */ = {isa = PBXNativeTarget; buildConfigurationList = 700000000000000000000002 /* Build configuration list for PBXNativeTarget "BermsTests" */; buildPhases = (400000000000000000000005 /* Sources */, 400000000000000000000002 /* Frameworks */); buildRules = (); dependencies = (800000000000000000000001 /* PBXTargetDependency */); name = BermsTests; productName = BermsTests; productReference = 300000000000000000000002 /* BermsTests.xctest */; productType = "com.apple.product-type.bundle.unit-test"; };
		600000000000000000000004 /* BermsWatch */ = {isa = PBXNativeTarget; buildConfigurationList = 700000000000000000000005 /* Build configuration list for PBXNativeTarget "BermsWatch" */; buildPhases = (400000000000000000000012 /* Embed Foundation Extensions */); buildRules = (); dependencies = (800000000000000000000004 /* BermsWatch embeds BermsWatchExtension */); name = BermsWatch; productName = BermsWatch; productReference = 300000000000000000000006 /* BermsWatch.app */; productType = "com.apple.product-type.application.watchapp2"; };
		600000000000000000000006 /* BermsWatchExtension */ = {isa = PBXNativeTarget; buildConfigurationList = 700000000000000000000007 /* Build configuration list for PBXNativeTarget "BermsWatchExtension" */; buildPhases = (400000000000000000000010 /* Watch Sources */, 400000000000000000000011 /* Watch Frameworks */); buildRules = (); dependencies = (); name = BermsWatchExtension; productName = BermsWatchExtension; productReference = 300000000000000000000004 /* BermsWatchExtension.appex */; productType = "com.apple.product-type.watchkit2-extension"; };
/* End PBXNativeTarget section */

/* Begin PBXProject section */
		900000000000000000000001 /* Project object */ = {isa = PBXProject; attributes = {BuildIndependentTargetsInParallel = YES; LastUpgradeCheck = 2700; TargetAttributes = {600000000000000000000001 = {DevelopmentTeam = SAQUMQUCR6; ProvisioningStyle = Automatic;}; 600000000000000000000002 = {DevelopmentTeam = SAQUMQUCR6; ProvisioningStyle = Automatic;}; 600000000000000000000003 = {DevelopmentTeam = SAQUMQUCR6; ProvisioningStyle = Automatic;}; 600000000000000000000004 = {DevelopmentTeam = SAQUMQUCR6; ProvisioningStyle = Automatic;}; 600000000000000000000006 = {DevelopmentTeam = SAQUMQUCR6; ProvisioningStyle = Automatic;};};}; buildConfigurationList = 700000000000000000000003 /* Build configuration list for PBXProject "Berms" */; compatibilityVersion = "Xcode 16.0"; developmentRegion = en; hasScannedForEncodings = 0; knownRegions = (en, Base); mainGroup = 500000000000000000000001; minimizedProjectReferenceProxies = 1; productRefGroup = 500000000000000000000004 /* Products */; projectDirPath = ""; projectRoot = ""; targets = (600000000000000000000001 /* Berms */, 600000000000000000000004 /* BermsWatch */, 600000000000000000000006 /* BermsWatchExtension */, 600000000000000000000002 /* BermsTests */, 600000000000000000000003 /* BermsLiveActivity */); };
/* End PBXProject section */

/* Begin PBXResourcesBuildPhase section */
		400000000000000000000004 /* Resources */ = {isa = PBXResourcesBuildPhase; buildActionMask = 2147483647; files = (100000000000000000000010 /* Assets.xcassets in Resources */, 100000000000000000000025 /* mountain-creek-ridepal-trails-with-metadata.geojson in Resources */, 100000000000000000000040 /* PrivacyInfo.xcprivacy in Resources */); runOnlyForDeploymentPostprocessing = 0; };
/* End PBXResourcesBuildPhase section */

/* Begin PBXSourcesBuildPhase section */
		400000000000000000000003 /* Sources */ = {isa = PBXSourcesBuildPhase; buildActionMask = 2147483647; files = (100000000000000000000001, 100000000000000000000002, 100000000000000000000003, 100000000000000000000004, 100000000000000000000005, 100000000000000000000006, 100000000000000000000007, 100000000000000000000008, 100000000000000000000012, 100000000000000000000014, 100000000000000000000015, 100000000000000000000016, 100000000000000000000017, 100000000000000000000018, 100000000000000000000019, 100000000000000000000020, 100000000000000000000026, 100000000000000000000027, 100000000000000000000028); runOnlyForDeploymentPostprocessing = 0; };
		400000000000000000000005 /* Sources */ = {isa = PBXSourcesBuildPhase; buildActionMask = 2147483647; files = (100000000000000000000009, 100000000000000000000013); runOnlyForDeploymentPostprocessing = 0; };
/* End PBXSourcesBuildPhase section */

/* Begin PBXTargetDependency section */
		800000000000000000000001 /* PBXTargetDependency */ = {isa = PBXTargetDependency; target = 600000000000000000000001 /* Berms */; targetProxy = 810000000000000000000001 /* PBXContainerItemProxy */; };
		800000000000000000000002 /* Berms embeds BermsWatch */ = {isa = PBXTargetDependency; target = 600000000000000000000004 /* BermsWatch */; targetProxy = 810000000000000000000002 /* PBXContainerItemProxy */; };
		800000000000000000000004 /* BermsWatch embeds BermsWatchExtension */ = {isa = PBXTargetDependency; target = 600000000000000000000006 /* BermsWatchExtension */; targetProxy = 810000000000000000000004 /* PBXContainerItemProxy */; };
		800000000000000000000006 /* Berms embeds BermsLiveActivity */ = {isa = PBXTargetDependency; target = 600000000000000000000003 /* BermsLiveActivity */; targetProxy = 810000000000000000000005 /* PBXContainerItemProxy */; };
/* End PBXTargetDependency section */

/* Begin PBXContainerItemProxy section */
		810000000000000000000001 /* PBXContainerItemProxy */ = {isa = PBXContainerItemProxy; containerPortal = 900000000000000000000001 /* Project object */; proxyType = 1; remoteGlobalIDString = 600000000000000000000001; remoteInfo = Berms; };
		810000000000000000000002 /* PBXContainerItemProxy */ = {isa = PBXContainerItemProxy; containerPortal = 900000000000000000000001 /* Project object */; proxyType = 1; remoteGlobalIDString = 600000000000000000000004; remoteInfo = BermsWatch; };
		810000000000000000000004 /* PBXContainerItemProxy */ = {isa = PBXContainerItemProxy; containerPortal = 900000000000000000000001 /* Project object */; proxyType = 1; remoteGlobalIDString = 600000000000000000000006; remoteInfo = BermsWatchExtension; };
		810000000000000000000005 /* PBXContainerItemProxy */ = {isa = PBXContainerItemProxy; containerPortal = 900000000000000000000001 /* Project object */; proxyType = 1; remoteGlobalIDString = 600000000000000000000003; remoteInfo = BermsLiveActivity; };
/* End PBXContainerItemProxy section */

/* Begin XCBuildConfiguration section */
		A00000000000000000000001 /* Debug */ = {isa = XCBuildConfiguration; buildSettings = {ALWAYS_SEARCH_USER_PATHS = NO; ASSETCATALOG_COMPILER_APPICON_NAME = AppIcon; CLANG_ENABLE_MODULES = YES; CODE_SIGN_ENTITLEMENTS = Berms/Berms.entitlements; CODE_SIGN_STYLE = Automatic; CURRENT_PROJECT_VERSION = 1; DEVELOPMENT_TEAM = SAQUMQUCR6; ENABLE_TESTABILITY = YES; GENERATE_INFOPLIST_FILE = NO; INFOPLIST_FILE = Berms/Info.plist; IPHONEOS_DEPLOYMENT_TARGET = 26.0; PRODUCT_BUNDLE_IDENTIFIER = com.addis.berms; PRODUCT_NAME = Berms; SDKROOT = iphoneos; SWIFT_ACTIVE_COMPILATION_CONDITIONS = DEBUG; SWIFT_VERSION = 6.0; TARGETED_DEVICE_FAMILY = 1;}; name = Debug; };
		A00000000000000000000002 /* Release */ = {isa = XCBuildConfiguration; buildSettings = {ALWAYS_SEARCH_USER_PATHS = NO; ASSETCATALOG_COMPILER_APPICON_NAME = AppIcon; CLANG_ENABLE_MODULES = YES; CODE_SIGN_ENTITLEMENTS = Berms/Berms.entitlements; CODE_SIGN_STYLE = Automatic; CURRENT_PROJECT_VERSION = 1; DEVELOPMENT_TEAM = SAQUMQUCR6; GENERATE_INFOPLIST_FILE = NO; INFOPLIST_FILE = Berms/Info.plist; IPHONEOS_DEPLOYMENT_TARGET = 26.0; PRODUCT_BUNDLE_IDENTIFIER = com.addis.berms; PRODUCT_NAME = Berms; SDKROOT = iphoneos; SWIFT_VERSION = 6.0; TARGETED_DEVICE_FAMILY = 1;}; name = Release; };
		A00000000000000000000003 /* Debug */ = {isa = XCBuildConfiguration; buildSettings = {BUNDLE_LOADER = "$(TEST_HOST)"; CODE_SIGN_STYLE = Automatic; CURRENT_PROJECT_VERSION = 1; DEVELOPMENT_TEAM = SAQUMQUCR6; GENERATE_INFOPLIST_FILE = YES; IPHONEOS_DEPLOYMENT_TARGET = 26.0; PRODUCT_BUNDLE_IDENTIFIER = com.addis.berms.tests; PRODUCT_NAME = BermsTests; SDKROOT = iphonesimulator; SWIFT_VERSION = 6.0; TARGETED_DEVICE_FAMILY = 1; TEST_HOST = "$(BUILT_PRODUCTS_DIR)/Berms.app/Berms";}; name = Debug; };
		A00000000000000000000004 /* Release */ = {isa = XCBuildConfiguration; buildSettings = {BUNDLE_LOADER = "$(TEST_HOST)"; CODE_SIGN_STYLE = Automatic; CURRENT_PROJECT_VERSION = 1; DEVELOPMENT_TEAM = SAQUMQUCR6; GENERATE_INFOPLIST_FILE = YES; IPHONEOS_DEPLOYMENT_TARGET = 26.0; PRODUCT_BUNDLE_IDENTIFIER = com.addis.berms.tests; PRODUCT_NAME = BermsTests; SDKROOT = iphonesimulator; SWIFT_VERSION = 6.0; TARGETED_DEVICE_FAMILY = 1; TEST_HOST = "$(BUILT_PRODUCTS_DIR)/Berms.app/Berms";}; name = Release; };
		A00000000000000000000005 /* Debug */ = {isa = XCBuildConfiguration; buildSettings = {CLANG_ENABLE_MODULES = YES; CODE_SIGN_STYLE = Automatic; DEVELOPMENT_TEAM = SAQUMQUCR6; IPHONEOS_DEPLOYMENT_TARGET = 26.0; SDKROOT = iphoneos; SWIFT_VERSION = 6.0;}; name = Debug; };
		A00000000000000000000006 /* Release */ = {isa = XCBuildConfiguration; buildSettings = {CLANG_ENABLE_MODULES = YES; CODE_SIGN_STYLE = Automatic; DEVELOPMENT_TEAM = SAQUMQUCR6; IPHONEOS_DEPLOYMENT_TARGET = 26.0; SDKROOT = iphoneos; SWIFT_VERSION = 6.0;}; name = Release; };
		A00000000000000000000007 /* Widget Debug */ = {isa = XCBuildConfiguration; buildSettings = {CLANG_ENABLE_MODULES = YES; CODE_SIGN_STYLE = Automatic; CURRENT_PROJECT_VERSION = 1; DEVELOPMENT_TEAM = SAQUMQUCR6; GENERATE_INFOPLIST_FILE = NO; INFOPLIST_FILE = BermsLiveActivity/Info.plist; IPHONEOS_DEPLOYMENT_TARGET = 26.0; PRODUCT_BUNDLE_IDENTIFIER = com.addis.berms.liveactivity; PRODUCT_NAME = BermsLiveActivity; SDKROOT = iphoneos; SKIP_INSTALL = YES; SWIFT_VERSION = 6.0; TARGETED_DEVICE_FAMILY = 1;}; name = Debug; };
		A00000000000000000000008 /* Widget Release */ = {isa = XCBuildConfiguration; buildSettings = {CLANG_ENABLE_MODULES = YES; CODE_SIGN_STYLE = Automatic; CURRENT_PROJECT_VERSION = 1; DEVELOPMENT_TEAM = SAQUMQUCR6; GENERATE_INFOPLIST_FILE = NO; INFOPLIST_FILE = BermsLiveActivity/Info.plist; IPHONEOS_DEPLOYMENT_TARGET = 26.0; PRODUCT_BUNDLE_IDENTIFIER = com.addis.berms.liveactivity; PRODUCT_NAME = BermsLiveActivity; SDKROOT = iphoneos; SKIP_INSTALL = YES; SWIFT_VERSION = 6.0; TARGETED_DEVICE_FAMILY = 1;}; name = Release; };
		A00000000000000000000009 /* Watch Debug */ = {isa = XCBuildConfiguration; buildSettings = {CODE_SIGN_STYLE = Automatic; CURRENT_PROJECT_VERSION = 1; DEVELOPMENT_TEAM = SAQUMQUCR6; GENERATE_INFOPLIST_FILE = NO; INFOPLIST_FILE = BermsWatch/Info.plist; PRODUCT_BUNDLE_IDENTIFIER = com.addis.berms.watchkitapp; PRODUCT_NAME = BermsWatch; SDKROOT = watchos; SKIP_INSTALL = YES; SUPPORTED_PLATFORMS = "watchos watchsimulator"; SWIFT_VERSION = 6.0; TARGETED_DEVICE_FAMILY = 4; WATCHOS_DEPLOYMENT_TARGET = 26.0; SWIFT_ACTIVE_COMPILATION_CONDITIONS = DEBUG;}; name = Debug; };
		A00000000000000000000010 /* Watch Release */ = {isa = XCBuildConfiguration; buildSettings = {CODE_SIGN_STYLE = Automatic; CURRENT_PROJECT_VERSION = 1; DEVELOPMENT_TEAM = SAQUMQUCR6; GENERATE_INFOPLIST_FILE = NO; INFOPLIST_FILE = BermsWatch/Info.plist; PRODUCT_BUNDLE_IDENTIFIER = com.addis.berms.watchkitapp; PRODUCT_NAME = BermsWatch; SDKROOT = watchos; SKIP_INSTALL = YES; SUPPORTED_PLATFORMS = "watchos watchsimulator"; SWIFT_VERSION = 6.0; TARGETED_DEVICE_FAMILY = 4; WATCHOS_DEPLOYMENT_TARGET = 26.0;}; name = Release; };
		A00000000000000000000013 /* Watch Extension Debug */ = {isa = XCBuildConfiguration; buildSettings = {CODE_SIGN_ENTITLEMENTS = BermsWatchExtension/BermsWatchExtension.entitlements; CODE_SIGN_STYLE = Automatic; CURRENT_PROJECT_VERSION = 1; DEVELOPMENT_TEAM = SAQUMQUCR6; GENERATE_INFOPLIST_FILE = NO; INFOPLIST_FILE = BermsWatchExtension/Info.plist; PRODUCT_BUNDLE_IDENTIFIER = com.addis.berms.watchkitapp.watchkitextension; PRODUCT_NAME = BermsWatchExtension; SDKROOT = watchos; SKIP_INSTALL = YES; SUPPORTED_PLATFORMS = "watchos watchsimulator"; SWIFT_ACTIVE_COMPILATION_CONDITIONS = DEBUG; SWIFT_VERSION = 6.0; TARGETED_DEVICE_FAMILY = 4; WATCHOS_DEPLOYMENT_TARGET = 26.0;}; name = Debug; };
		A00000000000000000000014 /* Watch Extension Release */ = {isa = XCBuildConfiguration; buildSettings = {CODE_SIGN_ENTITLEMENTS = BermsWatchExtension/BermsWatchExtension.entitlements; CODE_SIGN_STYLE = Automatic; CURRENT_PROJECT_VERSION = 1; DEVELOPMENT_TEAM = SAQUMQUCR6; GENERATE_INFOPLIST_FILE = NO; INFOPLIST_FILE = BermsWatchExtension/Info.plist; PRODUCT_BUNDLE_IDENTIFIER = com.addis.berms.watchkitapp.watchkitextension; PRODUCT_NAME = BermsWatchExtension; SDKROOT = watchos; SKIP_INSTALL = YES; SUPPORTED_PLATFORMS = "watchos watchsimulator"; SWIFT_VERSION = 6.0; TARGETED_DEVICE_FAMILY = 4; WATCHOS_DEPLOYMENT_TARGET = 26.0;}; name = Release; };
/* End XCBuildConfiguration section */

/* Begin XCConfigurationList section */
		700000000000000000000001 /* Build configuration list for PBXNativeTarget "Berms" */ = {isa = XCConfigurationList; buildConfigurations = (A00000000000000000000001, A00000000000000000000002); defaultConfigurationIsVisible = 0; defaultConfigurationName = Debug; };
		700000000000000000000002 /* Build configuration list for PBXNativeTarget "BermsTests" */ = {isa = XCConfigurationList; buildConfigurations = (A00000000000000000000003, A00000000000000000000004); defaultConfigurationIsVisible = 0; defaultConfigurationName = Debug; };
		700000000000000000000003 /* Build configuration list for PBXProject "Berms" */ = {isa = XCConfigurationList; buildConfigurations = (A00000000000000000000005, A00000000000000000000006); defaultConfigurationIsVisible = 0; defaultConfigurationName = Debug; };
		700000000000000000000004 /* Build configuration list for PBXNativeTarget "BermsLiveActivity" */ = {isa = XCConfigurationList; buildConfigurations = (A00000000000000000000007, A00000000000000000000008); defaultConfigurationIsVisible = 0; defaultConfigurationName = Debug; };
		700000000000000000000005 /* Build configuration list for PBXNativeTarget "BermsWatch" */ = {isa = XCConfigurationList; buildConfigurations = (A00000000000000000000009, A00000000000000000000010); defaultConfigurationIsVisible = 0; defaultConfigurationName = Debug; };
		700000000000000000000007 /* Build configuration list for PBXNativeTarget "BermsWatchExtension" */ = {isa = XCConfigurationList; buildConfigurations = (A00000000000000000000013, A00000000000000000000014); defaultConfigurationIsVisible = 0; defaultConfigurationName = Debug; };
/* End XCConfigurationList section */
	};
	rootObject = 900000000000000000000001 /* Project object */;
}
